// !$*UTF8*$!
{
	archiveVersion = 1;
	classes = {
	};
	objectVersion = 50;
	objects = {

/* Begin PBXBuildFile section */
		5EAF7D0826F2D50400762099 /* AppDelegate.swift in Sources */ = {isa = PBXBuildFile; fileRef = 5EAF7D0726F2D50400762099 /* AppDelegate.swift */; };
		5EAF7D0A26F2D50400762099 /* SceneDelegate.swift in Sources */ = {isa = PBXBuildFile; fileRef = 5EAF7D0926F2D50400762099 /* SceneDelegate.swift */; };
		5EAF7D0C26F2D50400762099 /* ViewController.swift in Sources */ = {isa = PBXBuildFile; fileRef = 5EAF7D0B26F2D50400762099 /* ViewController.swift */; };
		5EAF7D0F26F2D50400762099 /* Main.storyboard in Resources */ = {isa = PBXBuildFile; fileRef = 5EAF7D0D26F2D50400762099 /* Main.storyboard */; };
		5EAF7D1126F2D50700762099 /* Assets.xcassets in Resources */ = {isa = PBXBuildFile; fileRef = 5EAF7D1026F2D50700762099 /* Assets.xcassets */; };
		5EAF7D1426F2D50700762099 /* LaunchScreen.storyboard in Resources */ = {isa = PBXBuildFile; fileRef = 5EAF7D1226F2D50700762099 /* LaunchScreen.storyboard */; };
		5EAF7D1F26F2D50700762099 /* flixTests.swift in Sources */ = {isa = PBXBuildFile; fileRef = 5EAF7D1E26F2D50700762099 /* flixTests.swift */; };
		5EAF7D2A26F2D50700762099 /* flixUITests.swift in Sources */ = {isa = PBXBuildFile; fileRef = 5EAF7D2926F2D50700762099 /* flixUITests.swift */; };
/* End PBXBuildFile section */

/* Begin PBXContainerItemProxy section */
		5EAF7D1B26F2D50700762099 /* PBXContainerItemProxy */ = {
			isa = PBXContainerItemProxy;
			containerPortal = 5EAF7CFC26F2D50400762099 /* Project object */;
			proxyType = 1;
			remoteGlobalIDString = 5EAF7D0326F2D50400762099;
			remoteInfo = flix;
		};
		5EAF7D2626F2D50700762099 /* PBXContainerItemProxy */ = {
			isa = PBXContainerItemProxy;
			containerPortal = 5EAF7CFC26F2D50400762099 /* Project object */;
			proxyType = 1;
			remoteGlobalIDString = 5EAF7D0326F2D50400762099;
			remoteInfo = flix;
		};
/* End PBXContainerItemProxy section */

/* Begin PBXFileReference section */
		5EAF7D0426F2D50400762099 /* flix.app */ = {isa = PBXFileReference; explicitFileType = wrapper.application; includeInIndex = 0; path = flix.app; sourceTree = BUILT_PRODUCTS_DIR; };
		5EAF7D0726F2D50400762099 /* AppDelegate.swift */ = {isa = PBXFileReference; lastKnownFileType = sourcecode.swift; path = AppDelegate.swift; sourceTree = "<group>"; };
		5EAF7D0926F2D50400762099 /* SceneDelegate.swift */ = {isa = PBXFileReference; lastKnownFileType = sourcecode.swift; path = SceneDelegate.swift; sourceTree = "<group>"; };
		5EAF7D0B26F2D50400762099 /* ViewController.swift */ = {isa = PBXFileReference; lastKnownFileType = sourcecode.swift; path = ViewController.swift; sourceTree = "<group>"; };
		5EAF7D0E26F2D50400762099 /* Base */ = {isa = PBXFileReference; lastKnownFileType = file.storyboard; name = Base; path = Base.lproj/Main.storyboard; sourceTree = "<group>"; };
		5EAF7D1026F2D50700762099 /* Assets.xcassets */ = {isa = PBXFileReference; lastKnownFileType = folder.assetcatalog; path = Assets.xcassets; sourceTree = "<group>"; };
		5EAF7D1326F2D50700762099 /* Base */ = {isa = PBXFileReference; lastKnownFileType = file.storyboard; name = Base; path = Base.lproj/LaunchScreen.storyboard; sourceTree = "<group>"; };
		5EAF7D1526F2D50700762099 /* Info.plist */ = {isa = PBXFileReference; lastKnownFileType = text.plist.xml; path = Info.plist; sourceTree = "<group>"; };
		5EAF7D1A26F2D50700762099 /* flixTests.xctest */ = {isa = PBXFileReference; explicitFileType = wrapper.cfbundle; includeInIndex = 0; path = flixTests.xctest; sourceTree = BUILT_PRODUCTS_DIR; };
		5EAF7D1E26F2D50700762099 /* flixTests.swift */ = {isa = PBXFileReference; lastKnownFileType = sourcecode.swift; path = flixTests.swift; sourceTree = "<group>"; };
		5EAF7D2026F2D50700762099 /* Info.plist */ = {isa = PBXFileReference; lastKnownFileType = text.plist.xml; path = Info.plist; sourceTree = "<group>"; };
		5EAF7D2526F2D50700762099 /* flixUITests.xctest */ = {isa = PBXFileReference; explicitFileType = wrapper.cfbundle; includeInIndex = 0; path = flixUITests.xctest; sourceTree = BUILT_PRODUCTS_DIR; };
		5EAF7D2926F2D50700762099 /* flixUITests.swift */ = {isa = PBXFileReference; lastKnownFileType = sourcecode.swift; path = flixUITests.swift; sourceTree = "<group>"; };
		5EAF7D2B26F2D50700762099 /* Info.plist */ = {isa = PBXFileReference; lastKnownFileType = text.plist.xml; path = Info.plist; sourceTree = "<group>"; };
/* End PBXFileReference section */

/* Begin PBXFrameworksBuildPhase section */
		5EAF7D0126F2D50400762099 /* Frameworks */ = {
			isa = PBXFrameworksBuildPhase;
			buildActionMask = 2147483647;
			files = (
			);
			runOnlyForDeploymentPostprocessing = 0;
		};
		5EAF7D1726F2D50700762099 /* Frameworks */ = {
			isa = PBXFrameworksBuildPhase;
			buildActionMask = 2147483647;
			files = (
			);
			runOnlyForDeploymentPostprocessing = 0;
		};
		5EAF7D2226F2D50700762099 /* Frameworks */ = {
			isa = PBXFrameworksBuildPhase;
			buildActionMask = 2147483647;
			files = (
			);
			runOnlyForDeploymentPostprocessing = 0;
		};
/* End PBXFrameworksBuildPhase section */

/* Begin PBXGroup section */
		5EAF7CFB26F2D50400762099 = {
			isa = PBXGroup;
			children = (
				5EAF7D0626F2D50400762099 /* flix */,
				5EAF7D1D26F2D50700762099 /* flixTests */,
				5EAF7D2826F2D50700762099 /* flixUITests */,
				5EAF7D0526F2D50400762099 /* Products */,
			);
			sourceTree = "<group>";
		};
		5EAF7D0526F2D50400762099 /* Products */ = {
			isa = PBXGroup;
			children = (
				5EAF7D0426F2D50400762099 /* flix.app */,
				5EAF7D1A26F2D50700762099 /* flixTests.xctest */,
				5EAF7D2526F2D50700762099 /* flixUITests.xctest */,
			);
			name = Products;
			sourceTree = "<group>";
		};
		5EAF7D0626F2D50400762099 /* flix */ = {
			isa = PBXGroup;
			children = (
				5EAF7D0726F2D50400762099 /* AppDelegate.swift */,
				5EAF7D0926F2D50400762099 /* SceneDelegate.swift */,
				5EAF7D0B26F2D50400762099 /* ViewController.swift */,
				5EAF7D0D26F2D50400762099 /* Main.storyboard */,
				5EAF7D1026F2D50700762099 /* Assets.xcassets */,
				5EAF7D1226F2D50700762099 /* LaunchScreen.storyboard */,
				5EAF7D1526F2D50700762099 /* Info.plist */,
			);
			path = flix;
			sourceTree = "<group>";
		};
		5EAF7D1D26F2D50700762099 /* flixTests */ = {
			isa = PBXGroup;
			children = (
				5EAF7D1E26F2D50700762099 /* flixTests.swift */,
				5EAF7D2026F2D50700762099 /* Info.plist */,
			);
			path = flixTests;
			sourceTree = "<group>";
		};
		5EAF7D2826F2D50700762099 /* flixUITests */ = {
			isa = PBXGroup;
			children = (
				5EAF7D2926F2D50700762099 /* flixUITests.swift */,
				5EAF7D2B26F2D50700762099 /* Info.plist */,
			);
			path = flixUITests;
			sourceTree = "<group>";
		};
/* End PBXGroup section */

/* Begin PBXNativeTarget section */
		5EAF7D0326F2D50400762099 /* flix */ = {
			isa = PBXNativeTarget;
			buildConfigurationList = 5EAF7D2E26F2D50700762099 /* Build configuration list for PBXNativeTarget "flix" */;
			buildPhases = (
				5EAF7D0026F2D50400762099 /* Sources */,
				5EAF7D0126F2D50400762099 /* Frameworks */,
				5EAF7D0226F2D50400762099 /* Resources */,
			);
			buildRules = (
			);
			dependencies = (
			);
			name = flix;
			productName = flix;
			productReference = 5EAF7D0426F2D50400762099 /* flix.app */;
			productType = "com.apple.product-type.application";
		};
		5EAF7D1926F2D50700762099 /* flixTests */ = {
			isa = PBXNativeTarget;
			buildConfigurationList = 5EAF7D3126F2D50700762099 /* Build configuration list for PBXNativeTarget "flixTests" */;
			buildPhases = (
				5EAF7D1626F2D50700762099 /* Sources */,
				5EAF7D1726F2D50700762099 /* Frameworks */,
				5EAF7D1826F2D50700762099 /* Resources */,
			);
			buildRules = (
			);
			dependencies = (
				5EAF7D1C26F2D50700762099 /* PBXTargetDependency */,
			);
			name = flixTests;
			productName = flixTests;
			productReference = 5EAF7D1A26F2D50700762099 /* flixTests.xctest */;
			productType = "com.apple.product-type.bundle.unit-test";
		};
		5EAF7D2426F2D50700762099 /* flixUITests */ = {
			isa = PBXNativeTarget;
			buildConfigurationList = 5EAF7D3426F2D50700762099 /* Build configuration list for PBXNativeTarget "flixUITests" */;
			buildPhases = (
				5EAF7D2126F2D50700762099 /* Sources */,
				5EAF7D2226F2D50700762099 /* Frameworks */,
				5EAF7D2326F2D50700762099 /* Resources */,
			);
			buildRules = (
			);
			dependencies = (
				5EAF7D2726F2D50700762099 /* PBXTargetDependency */,
			);
			name = flixUITests;
			productName = flixUITests;
			productReference = 5EAF7D2526F2D50700762099 /* flixUITests.xctest */;
			productType = "com.apple.product-type.bundle.ui-testing";
		};
/* End PBXNativeTarget section */

/* Begin PBXProject section */
		5EAF7CFC26F2D50400762099 /* Project object */ = {
			isa = PBXProject;
			attributes = {
				LastSwiftUpdateCheck = 1250;
				LastUpgradeCheck = 1250;
				TargetAttributes = {
					5EAF7D0326F2D50400762099 = {
						CreatedOnToolsVersion = 12.5.1;
					};
					5EAF7D1926F2D50700762099 = {
						CreatedOnToolsVersion = 12.5.1;
						TestTargetID = 5EAF7D0326F2D50400762099;
					};
					5EAF7D2426F2D50700762099 = {
						CreatedOnToolsVersion = 12.5.1;
						TestTargetID = 5EAF7D0326F2D50400762099;
					};
				};
			};
			buildConfigurationList = 5EAF7CFF26F2D50400762099 /* Build configuration list for PBXProject "flix" */;
			compatibilityVersion = "Xcode 9.3";
			developmentRegion = en;
			hasScannedForEncodings = 0;
			knownRegions = (
				en,
				Base,
			);
			mainGroup = 5EAF7CFB26F2D50400762099;
			productRefGroup = 5EAF7D0526F2D50400762099 /* Products */;
			projectDirPath = "";
			projectRoot = "";
			targets = (
				5EAF7D0326F2D50400762099 /* flix */,
				5EAF7D1926F2D50700762099 /* flixTests */,
				5EAF7D2426F2D50700762099 /* flixUITests */,
			);
		};
/* End PBXProject section */

/* Begin PBXResourcesBuildPhase section */
		5EAF7D0226F2D50400762099 /* Resources */ = {
			isa = PBXResourcesBuildPhase;
			buildActionMask = 2147483647;
			files = (
				5EAF7D1426F2D50700762099 /* LaunchScreen.storyboard in Resources */,
				5EAF7D1126F2D50700762099 /* Assets.xcassets in Resources */,
				5EAF7D0F26F2D50400762099 /* Main.storyboard in Resources */,
			);
			runOnlyForDeploymentPostprocessing = 0;
		};
		5EAF7D1826F2D50700762099 /* Resources */ = {
			isa = PBXResourcesBuildPhase;
			buildActionMask = 2147483647;
			files = (
			);
			runOnlyForDeploymentPostprocessing = 0;
		};
		5EAF7D2326F2D50700762099 /* Resources */ = {
			isa = PBXResourcesBuildPhase;
			buildActionMask = 2147483647;
			files = (
			);
			runOnlyForDeploymentPostprocessing = 0;
		};
/* End PBXResourcesBuildPhase section */

/* Begin PBXSourcesBuildPhase section */
		5EAF7D0026F2D50400762099 /* Sources */ = {
			isa = PBXSourcesBuildPhase;
			buildActionMask = 2147483647;
			files = (
				5EAF7D0C26F2D50400762099 /* ViewController.swift in Sources */,
				5EAF7D0826F2D50400762099 /* AppDelegate.swift in Sources */,
				5EAF7D0A26F2D50400762099 /* SceneDelegate.swift in Sources */,
			);
			runOnlyForDeploymentPostprocessing = 0;
		};
		5EAF7D1626F2D50700762099 /* Sources */ = {
			isa = PBXSourcesBuildPhase;
			buildActionMask = 2147483647;
			files = (
				5EAF7D1F26F2D50700762099 /* flixTests.swift in Sources */,
			);
			runOnlyForDeploymentPostprocessing = 0;
		};
		5EAF7D2126F2D50700762099 /* Sources */ = {
			isa = PBXSourcesBuildPhase;
			buildActionMask = 2147483647;
			files = (
				5EAF7D2A26F2D50700762099 /* flixUITests.swift in Sources */,
			);
			runOnlyForDeploymentPostprocessing = 0;
		};
/* End PBXSourcesBuildPhase section */

/* Begin PBXTargetDependency section */
		5EAF7D1C26F2D50700762099 /* PBXTargetDependency */ = {
			isa = PBXTargetDependency;
			target = 5EAF7D0326F2D50400762099 /* flix */;
			targetProxy = 5EAF7D1B26F2D50700762099 /* PBXContainerItemProxy */;
		};
		5EAF7D2726F2D50700762099 /* PBXTargetDependency */ = {
			isa = PBXTargetDependency;
			target = 5EAF7D0326F2D50400762099 /* flix */;
			targetProxy = 5EAF7D2626F2D50700762099 /* PBXContainerItemProxy */;
		};
/* End PBXTargetDependency section */

/* Begin PBXVariantGroup section */
		5EAF7D0D26F2D50400762099 /* Main.storyboard */ = {
			isa = PBXVariantGroup;
			children = (
				5EAF7D0E26F2D50400762099 /* Base */,
			);
			name = Main.storyboard;
			sourceTree = "<group>";
		};
		5EAF7D1226F2D50700762099 /* LaunchScreen.storyboard */ = {
			isa = PBXVariantGroup;
			children = (
				5EAF7D1326F2D50700762099 /* Base */,
			);
			name = LaunchScreen.storyboard;
			sourceTree = "<group>";
		};
/* End PBXVariantGroup section */

/* Begin XCBuildConfiguration section */
		5EAF7D2C26F2D50700762099 /* Debug */ = {
			isa = XCBuildConfiguration;
			buildSettings = {
				ALWAYS_SEARCH_USER_PATHS = NO;
				CLANG_ANALYZER_NONNULL = YES;
				CLANG_ANALYZER_NUMBER_OBJECT_CONVERSION = YES_AGGRESSIVE;
				CLANG_CXX_LANGUAGE_STANDARD = "gnu++14";
				CLANG_CXX_LIBRARY = "libc++";
				CLANG_ENABLE_MODULES = YES;
				CLANG_ENABLE_OBJC_ARC = YES;
				CLANG_ENABLE_OBJC_WEAK = YES;
				CLANG_WARN_BLOCK_CAPTURE_AUTORELEASING = YES;
				CLANG_WARN_BOOL_CONVERSION = YES;
				CLANG_WARN_COMMA = YES;
				CLANG_WARN_CONSTANT_CONVERSION = YES;
				CLANG_WARN_DEPRECATED_OBJC_IMPLEMENTATIONS = YES;
				CLANG_WARN_DIRECT_OBJC_ISA_USAGE = YES_ERROR;
				CLANG_WARN_DOCUMENTATION_COMMENTS = YES;
				CLANG_WARN_EMPTY_BODY = YES;
				CLANG_WARN_ENUM_CONVERSION = YES;
				CLANG_WARN_INFINITE_RECURSION = YES;
				CLANG_WARN_INT_CONVERSION = YES;
				CLANG_WARN_NON_LITERAL_NULL_CONVERSION = YES;
				CLANG_WARN_OBJC_IMPLICIT_RETAIN_SELF = YES;
				CLANG_WARN_OBJC_LITERAL_CONVERSION = YES;
				CLANG_WARN_OBJC_ROOT_CLASS = YES_ERROR;
				CLANG_WARN_QUOTED_INCLUDE_IN_FRAMEWORK_HEADER = YES;
				CLANG_WARN_RANGE_LOOP_ANALYSIS = YES;
				CLANG_WARN_STRICT_PROTOTYPES = YES;
				CLANG_WARN_SUSPICIOUS_MOVE = YES;
				CLANG_WARN_UNGUARDED_AVAILABILITY = YES_AGGRESSIVE;
				CLANG_WARN_UNREACHABLE_CODE = YES;
				CLANG_WARN__DUPLICATE_METHOD_MATCH = YES;
				COPY_PHASE_STRIP = NO;
				DEBUG_INFORMATION_FORMAT = dwarf;
				ENABLE_STRICT_OBJC_MSGSEND = YES;
				ENABLE_TESTABILITY = YES;
				GCC_C_LANGUAGE_STANDARD = gnu11;
				GCC_DYNAMIC_NO_PIC = NO;
				GCC_NO_COMMON_BLOCKS = YES;
				GCC_OPTIMIZATION_LEVEL = 0;
				GCC_PREPROCESSOR_DEFINITIONS = (
					"DEBUG=1",
					"$(inherited)",
				);
				GCC_WARN_64_TO_32_BIT_CONVERSION = YES;
				GCC_WARN_ABOUT_RETURN_TYPE = YES_ERROR;
				GCC_WARN_UNDECLARED_SELECTOR = YES;
				GCC_WARN_UNINITIALIZED_AUTOS = YES_AGGRESSIVE;
				GCC_WARN_UNUSED_FUNCTION = YES;
				GCC_WARN_UNUSED_VARIABLE = YES;
				IPHONEOS_DEPLOYMENT_TARGET = 14.5;
				MTL_ENABLE_DEBUG_INFO = INCLUDE_SOURCE;
				MTL_FAST_MATH = YES;
				ONLY_ACTIVE_ARCH = YES;
				SDKROOT = iphoneos;
				SWIFT_ACTIVE_COMPILATION_CONDITIONS = DEBUG;
				SWIFT_OPTIMIZATION_LEVEL = "-Onone";
			};
			name = Debug;
		};
		5EAF7D2D26F2D50700762099 /* Release */ = {
			isa = XCBuildConfiguration;
			buildSettings = {
				ALWAYS_SEARCH_USER_PATHS = NO;
				CLANG_ANALYZER_NONNULL = YES;
				CLANG_ANALYZER_NUMBER_OBJECT_CONVERSION = YES_AGGRESSIVE;
				CLANG_CXX_LANGUAGE_STANDARD = "gnu++14";
				CLANG_CXX_LIBRARY = "libc++";
				CLANG_ENABLE_MODULES = YES;
				CLANG_ENABLE_OBJC_ARC = YES;
				CLANG_ENABLE_OBJC_WEAK = YES;
				CLANG_WARN_BLOCK_CAPTURE_AUTORELEASING = YES;
				CLANG_WARN_BOOL_CONVERSION = YES;
				CLANG_WARN_COMMA = YES;
				CLANG_WARN_CONSTANT_CONVERSION = YES;
				CLANG_WARN_DEPRECATED_OBJC_IMPLEMENTATIONS = YES;
				CLANG_WARN_DIRECT_OBJC_ISA_USAGE = YES_ERROR;
				CLANG_WARN_DOCUMENTATION_COMMENTS = YES;
				CLANG_WARN_EMPTY_BODY = YES;
				CLANG_WARN_ENUM_CONVERSION = YES;
				CLANG_WARN_INFINITE_RECURSION = YES;
				CLANG_WARN_INT_CONVERSION = YES;
				CLANG_WARN_NON_LITERAL_NULL_CONVERSION = YES;
				CLANG_WARN_OBJC_IMPLICIT_RETAIN_SELF = YES;
				CLANG_WARN_OBJC_LITERAL_CONVERSION = YES;
				CLANG_WARN_OBJC_ROOT_CLASS = YES_ERROR;
				CLANG_WARN_QUOTED_INCLUDE_IN_FRAMEWORK_HEADER = YES;
				CLANG_WARN_RANGE_LOOP_ANALYSIS = YES;
				CLANG_WARN_STRICT_PROTOTYPES = YES;
				CLANG_WARN_SUSPICIOUS_MOVE = YES;
				CLANG_WARN_UNGUARDED_AVAILABILITY = YES_AGGRESSIVE;
				CLANG_WARN_UNREACHABLE_CODE = YES;
				CLANG_WARN__DUPLICATE_METHOD_MATCH = YES;
				COPY_PHASE_STRIP = NO;
				DEBUG_INFORMATION_FORMAT = "dwarf-with-dsym";
				ENABLE_NS_ASSERTIONS = NO;
				ENABLE_STRICT_OBJC_MSGSEND = YES;
				GCC_C_LANGUAGE_STANDARD = gnu11;
				GCC_NO_COMMON_BLOCKS = YES;
				GCC_WARN_64_TO_32_BIT_CONVERSION = YES;
				GCC_WARN_ABOUT_RETURN_TYPE = YES_ERROR;
				GCC_WARN_UNDECLARED_SELECTOR = YES;
				GCC_WARN_UNINITIALIZED_AUTOS = YES_AGGRESSIVE;
				GCC_WARN_UNUSED_FUNCTION = YES;
				GCC_WARN_UNUSED_VARIABLE = YES;
				IPHONEOS_DEPLOYMENT_TARGET = 14.5;
				MTL_ENABLE_DEBUG_INFO = NO;
				MTL_FAST_MATH = YES;
				SDKROOT = iphoneos;
				SWIFT_COMPILATION_MODE = wholemodule;
				SWIFT_OPTIMIZATION_LEVEL = "-O";
				VALIDATE_PRODUCT = YES;
			};
			name = Release;
		};
		5EAF7D2F26F2D50700762099 /* Debug */ = {
			isa = XCBuildConfiguration;
			buildSettings = {
				ASSETCATALOG_COMPILER_APPICON_NAME = AppIcon;
				ASSETCATALOG_COMPILER_GLOBAL_ACCENT_COLOR_NAME = AccentColor;
				CODE_SIGN_STYLE = Automatic;
				DEVELOPMENT_TEAM = 5G765H9L98;
				INFOPLIST_FILE = flix/Info.plist;
				LD_RUNPATH_SEARCH_PATHS = (
					"$(inherited)",
					"@executable_path/Frameworks",
				);
				PRODUCT_BUNDLE_IDENTIFIER = com.tenzinpema.flix;
				PRODUCT_NAME = "$(TARGET_NAME)";
				SWIFT_VERSION = 5.0;
				TARGETED_DEVICE_FAMILY = "1,2";
			};
			name = Debug;
		};
		5EAF7D3026F2D50700762099 /* Release */ = {
			isa = XCBuildConfiguration;
			buildSettings = {
				ASSETCATALOG_COMPILER_APPICON_NAME = AppIcon;
				ASSETCATALOG_COMPILER_GLOBAL_ACCENT_COLOR_NAME = AccentColor;
				CODE_SIGN_STYLE = Automatic;
				DEVELOPMENT_TEAM = 5G765H9L98;
				INFOPLIST_FILE = flix/Info.plist;
				LD_RUNPATH_SEARCH_PATHS = (
					"$(inherited)",
					"@executable_path/Frameworks",
				);
				PRODUCT_BUNDLE_IDENTIFIER = com.tenzinpema.flix;
				PRODUCT_NAME = "$(TARGET_NAME)";
				SWIFT_VERSION = 5.0;
				TARGETED_DEVICE_FAMILY = "1,2";
			};
			name = Release;
		};
		5EAF7D3226F2D50700762099 /* Debug */ = {
			isa = XCBuildConfiguration;
			buildSettings = {
				ALWAYS_EMBED_SWIFT_STANDARD_LIBRARIES = YES;
				BUNDLE_LOADER = "$(TEST_HOST)";
				CODE_SIGN_STYLE = Automatic;
				DEVELOPMENT_TEAM = 5G765H9L98;
				INFOPLIST_FILE = flixTests/Info.plist;
				IPHONEOS_DEPLOYMENT_TARGET = 14.5;
				LD_RUNPATH_SEARCH_PATHS = (
					"$(inherited)",
					"@executable_path/Frameworks",
					"@loader_path/Frameworks",
				);
				PRODUCT_BUNDLE_IDENTIFIER = com.tenzinpema.flixTests;
				PRODUCT_NAME = "$(TARGET_NAME)";
				SWIFT_VERSION = 5.0;
				TARGETED_DEVICE_FAMILY = "1,2";
				TEST_HOST = "$(BUILT_PRODUCTS_DIR)/flix.app/flix";
			};
			name = Debug;
		};
		5EAF7D3326F2D50700762099 /* Release */ = {
			isa = XCBuildConfiguration;
			buildSettings = {
				ALWAYS_EMBED_SWIFT_STANDARD_LIBRARIES = YES;
				BUNDLE_LOADER = "$(TEST_HOST)";
				CODE_SIGN_STYLE = Automatic;
				DEVELOPMENT_TEAM = 5G765H9L98;
				INFOPLIST_FILE = flixTests/Info.plist;
				IPHONEOS_DEPLOYMENT_TARGET = 14.5;
				LD_RUNPATH_SEARCH_PATHS = (
					"$(inherited)",
					"@executable_path/Frameworks",
					"@loader_path/Frameworks",
				);
				PRODUCT_BUNDLE_IDENTIFIER = com.tenzinpema.flixTests;
				PRODUCT_NAME = "$(TARGET_NAME)";
				SWIFT_VERSION = 5.0;
				TARGETED_DEVICE_FAMILY = "1,2";
				TEST_HOST = "$(BUILT_PRODUCTS_DIR)/flix.app/flix";
			};
			name = Release;
		};
		5EAF7D3526F2D50700762099 /* Debug */ = {
			isa = XCBuildConfiguration;
			buildSettings = {
				ALWAYS_EMBED_SWIFT_STANDARD_LIBRARIES = YES;
				CODE_SIGN_STYLE = Automatic;
				DEVELOPMENT_TEAM = 5G765H9L98;
				INFOPLIST_FILE = flixUITests/Info.plist;
				LD_RUNPATH_SEARCH_PATHS = (
					"$(inherited)",
					"@executable_path/Frameworks",
					"@loader_path/Frameworks",
				);
				PRODUCT_BUNDLE_IDENTIFIER = com.tenzinpema.flixUITests;
				PRODUCT_NAME = "$(TARGET_NAME)";
				SWIFT_VERSION = 5.0;
				TARGETED_DEVICE_FAMILY = "1,2";
				TEST_TARGET_NAME = flix;
			};
			name = Debug;
		};
		5EAF7D3626F2D50700762099 /* Release */ = {
			isa = XCBuildConfiguration;
			buildSettings = {
				ALWAYS_EMBED_SWIFT_STANDARD_LIBRARIES = YES;
				CODE_SIGN_STYLE = Automatic;
				DEVELOPMENT_TEAM = 5G765H9L98;
				INFOPLIST_FILE = flixUITests/Info.plist;
				LD_RUNPATH_SEARCH_PATHS = (
					"$(inherited)",
					"@executable_path/Frameworks",
					"@loader_path/Frameworks",
				);
				PRODUCT_BUNDLE_IDENTIFIER = com.tenzinpema.flixUITests;
				PRODUCT_NAME = "$(TARGET_NAME)";
				SWIFT_VERSION = 5.0;
				TARGETED_DEVICE_FAMILY = "1,2";
				TEST_TARGET_NAME = flix;
			};
			name = Release;
		};
/* End XCBuildConfiguration section */

/* Begin XCConfigurationList section */
		5EAF7CFF26F2D50400762099 /* Build configuration list for PBXProject "flix" */ = {
			isa = XCConfigurationList;
			buildConfigurations = (
				5EAF7D2C26F2D50700762099 /* Debug */,
				5EAF7D2D26F2D50700762099 /* Release */,
			);
			defaultConfigurationIsVisible = 0;
			defaultConfigurationName = Release;
		};
		5EAF7D2E26F2D50700762099 /* Build configuration list for PBXNativeTarget "flix" */ = {
			isa = XCConfigurationList;
			buildConfigurations = (
				5EAF7D2F26F2D50700762099 /* Debug */,
				5EAF7D3026F2D50700762099 /* Release */,
			);
			defaultConfigurationIsVisible = 0;
			defaultConfigurationName = Release;
		};
		5EAF7D3126F2D50700762099 /* Build configuration list for PBXNativeTarget "flixTests" */ = {
			isa = XCConfigurationList;
			buildConfigurations = (
				5EAF7D3226F2D50700762099 /* Debug */,
				5EAF7D3326F2D50700762099 /* Release */,
			);
			defaultConfigurationIsVisible = 0;
			defaultConfigurationName = Release;
		};
		5EAF7D3426F2D50700762099 /* Build configuration list for PBXNativeTarget "flixUITests" */ = {
			isa = XCConfigurationList;
			buildConfigurations = (
				5EAF7D3526F2D50700762099 /* Debug */,
				5EAF7D3626F2D50700762099 /* Release */,
			);
			defaultConfigurationIsVisible = 0;
			defaultConfigurationName = Release;
		};
/* End XCConfigurationList section */
	};
	rootObject = 5EAF7CFC26F2D50400762099 /* Project object */;
}
